{
  "name": "card-trading-platform",
  "lockfileVersion": 3,
  "requires": true,
  "packages": {
    "": {
      "devDependencies": {
        "opencc-js": "^1.3.0",
        "tongwen": "^0.3.2"
      }
    },
    "node_modules/opencc-js": {
      "version": "1.3.0",
      "resolved": "https://registry.npmjs.org/opencc-js/-/opencc-js-1.3.0.tgz",
      "integrity": "sha512-8sI0BQ3NECLM8GNWxWT/oZFDXpE853ZDc13MbLxtUL4sTJyr8DmoQSzPbvj7A5ZppwLn85wMdEaLGCycXjBmrQ==",
      "dev": true,
      "license": "MIT"
    },
    "node_modules/tongwen": {
      "version": "0.3.2",
      "resolved": "https://registry.npmjs.org/tongwen/-/tongwen-0.3.2.tgz",
      "integrity": "sha512-QKkV+hAH+7vryBQ14MmtKw/I1yWYDC4oOF4TgJPMOBEn9G7K1sMfh3jtGL6Y17RLVXOcqR+cFJzwYqTB5dPtQQ==",
      "dev": true,
      "engines": {
        "node": "*"
      }
    }
  }
}
